
Microsoft Visual Studio Solution File, Format Version 12.00
# Visual Studio Version 16
VisualStudioVersion = 16.0.31702.278
MinimumVisualStudioVersion = 10.0.40219.1
Project("{FAE04EC0-301F-11D3-BF4B-00C04F79EFBC}") = "Onderwijs", "Onderwijs\Onderwijs.csproj", "{C7A4CFA8-A553-430B-9E18-40BFB7A455FF}"
EndProject
Project("{54435603-DBB4-11D2-8724-00A0C9A8B90C}") = "OnderwijsSetup", "OnderwijsSetup\OnderwijsSetup.vdproj", "{0AB5E9A0-BCBC-4750-8596-EEFD3C7D8125}"
EndProject
Global
	GlobalSection(SolutionConfigurationPlatforms) = preSolution
		Debug|Any CPU = Debug|Any CPU
		Release|Any CPU = Release|Any CPU
	EndGlobalSection
	GlobalSection(ProjectConfigurationPlatforms) = postSolution
		{C7A4CFA8-A553-430B-9E18-40BFB7A455FF}.Debug|Any CPU.ActiveCfg = Release|Any CPU
		{C7A4CFA8-A553-430B-9E18-40BFB7A455FF}.Debug|Any CPU.Build.0 = Release|Any CPU
		{C7A4CFA8-A553-430B-9E18-40BFB7A455FF}.Release|Any CPU.ActiveCfg = Release|Any CPU
		{C7A4CFA8-A553-430B-9E18-40BFB7A455FF}.Release|Any CPU.Build.0 = Release|Any CPU
		{0AB5E9A0-BCBC-4750-8596-EEFD3C7D8125}.Debug|Any CPU.ActiveCfg = Debug
		{0AB5E9A0-BCBC-4750-8596-EEFD3C7D8125}.Release|Any CPU.ActiveCfg = Release
	EndGlobalSection
	GlobalSection(SolutionProperties) = preSolution
		HideSolutionNode = FALSE
	EndGlobalSection
	GlobalSection(ExtensibilityGlobals) = postSolution
		SolutionGuid = {7C1A6489-12B0-41F7-AE7A-CEA2B6593DA0}
	EndGlobalSection
EndGlobal
